github.com/Shresht7/go-cli-tools v0.0.0-20220130144429-8f7e01cd0262 h1:rNqAL9WoDHlEP6PUGWbuj4tuUnGdgMcbzBWiyiXwP+I=
github.com/Shresht7/go-cli-tools v0.0.0-20220130144429-8f7e01cd0262/go.mod h1:hLoTXK36Sd1xQf9ZVSgJC13RldSShcpaaP2qdyzdFh8=
github.com/Shresht7/go-cli-tools v0.0.0-20220130152452-3f7951b10f3f h1:n0K/kZjUSKuXbImwPy8yejwMj8TUnuMrrqPMsjMSCEQ=
github.com/Shresht7/go-cli-tools v0.0.0-20220130152452-3f7951b10f3f/go.mod h1:hLoTXK36Sd1xQf9ZVSgJC13RldSShcpaaP2qdyzdFh8=
